
Microsoft Visual Studio Solution File, Format Version 12.00
# Visual Studio 15
VisualStudioVersion = 15.0.28010.2003
MinimumVisualStudioVersion = 10.0.40219.1
Project("{FAE04EC0-301F-11D3-BF4B-00C04F79EFBC}") = "TestRunner", "RestSharpTestTask\TestRunner.csproj", "{386F820F-1EBE-4C15-9BC7-00D82E936B14}"
EndProject
Project("{FAE04EC0-301F-11D3-BF4B-00C04F79EFBC}") = "GitLabAPI", "GitLabAPI\GitLabAPI.csproj", "{91EE1CD7-6D7C-4B7E-B982-A156CBB1CE64}"
EndProject
Project("{FAE04EC0-301F-11D3-BF4B-00C04F79EFBC}") = "Tests", "Tests\Tests.csproj", "{313C782B-60EB-427F-9604-0E73A88E3A2C}"
EndProject
Global
	GlobalSection(SolutionConfigurationPlatforms) = preSolution
		Debug|Any CPU = Debug|Any CPU
		Release|Any CPU = Release|Any CPU
	EndGlobalSection
	GlobalSection(ProjectConfigurationPlatforms) = postSolution
		{386F820F-1EBE-4C15-9BC7-00D82E936B14}.Debug|Any CPU.ActiveCfg = Debug|Any CPU
		{386F820F-1EBE-4C15-9BC7-00D82E936B14}.Debug|Any CPU.Build.0 = Debug|Any CPU
		{386F820F-1EBE-4C15-9BC7-00D82E936B14}.Release|Any CPU.ActiveCfg = Release|Any CPU
		{386F820F-1EBE-4C15-9BC7-00D82E936B14}.Release|Any CPU.Build.0 = Release|Any CPU
		{91EE1CD7-6D7C-4B7E-B982-A156CBB1CE64}.Debug|Any CPU.ActiveCfg = Debug|Any CPU
		{91EE1CD7-6D7C-4B7E-B982-A156CBB1CE64}.Debug|Any CPU.Build.0 = Debug|Any CPU
		{91EE1CD7-6D7C-4B7E-B982-A156CBB1CE64}.Release|Any CPU.ActiveCfg = Release|Any CPU
		{91EE1CD7-6D7C-4B7E-B982-A156CBB1CE64}.Release|Any CPU.Build.0 = Release|Any CPU
		{313C782B-60EB-427F-9604-0E73A88E3A2C}.Debug|Any CPU.ActiveCfg = Debug|Any CPU
		{313C782B-60EB-427F-9604-0E73A88E3A2C}.Debug|Any CPU.Build.0 = Debug|Any CPU
		{313C782B-60EB-427F-9604-0E73A88E3A2C}.Release|Any CPU.ActiveCfg = Release|Any CPU
		{313C782B-60EB-427F-9604-0E73A88E3A2C}.Release|Any CPU.Build.0 = Release|Any CPU
	EndGlobalSection
	GlobalSection(SolutionProperties) = preSolution
		HideSolutionNode = FALSE
	EndGlobalSection
	GlobalSection(ExtensibilityGlobals) = postSolution
		SolutionGuid = {417EA623-FB0F-437C-849C-71CC1C248A04}
	EndGlobalSection
EndGlobal
